
Microsoft Visual Studio Solution File, Format Version 12.00
# Visual Studio Version 17
VisualStudioVersion = 17.2.32630.192
MinimumVisualStudioVersion = 10.0.40219.1
Project("{FAE04EC0-301F-11D3-BF4B-00C04F79EFBC}") = "PPWLib", "..\PPWLib\PPWLib.csproj", "{E6585784-6922-4BAD-A92F-3EE21E5BC33D}"
EndProject
Project("{FAE04EC0-301F-11D3-BF4B-00C04F79EFBC}") = "PPWCommonLib", "..\PPWCommonLib\PPWCommonLib.csproj", "{7DDAB902-AC26-4489-AD83-F6DB0081472E}"
EndProject
Project("{FAE04EC0-301F-11D3-BF4B-00C04F79EFBC}") = "PPWMyobLib", "..\PPWMyobLib\PPWMyobLib.csproj", "{082B82C7-19F5-4D15-B93C-1F64B6830EEB}"
EndProject
Project("{FAE04EC0-301F-11D3-BF4B-00C04F79EFBC}") = "CommonLib", "..\CommonLib\CommonLib.csproj", "{7EE0B9D7-1D28-4819-8861-95DADAEB30D0}"
EndProject
Project("{FAE04EC0-301F-11D3-BF4B-00C04F79EFBC}") = "PPWDAL", "..\PPWDAL\PPWDAL.csproj", "{B10BB112-C5C2-4CC5-A55E-331A105E374B}"
EndProject
Project("{FAE04EC0-301F-11D3-BF4B-00C04F79EFBC}") = "SmartBusinessWeb", "SmartBusinessWeb.csproj", "{CDD90D40-9418-4188-8079-2328A6EEB395}"
EndProject
Project("{FAE04EC0-301F-11D3-BF4B-00C04F79EFBC}") = "SBAbssWS", "..\SBAbssWS\SBAbssWS.csproj", "{5B8E501C-34BA-4B25-8CD8-258CB197D63E}"
EndProject
Project("{FAE04EC0-301F-11D3-BF4B-00C04F79EFBC}") = "PPWDebugConsole", "..\PPWDebugConsole\PPWDebugConsole.csproj", "{58B9ECB0-A894-40AF-9A2C-0ECFE3DA241A}"
EndProject
Project("{FAE04EC0-301F-11D3-BF4B-00C04F79EFBC}") = "DebugWeb", "..\DebugWeb\DebugWeb.csproj", "{549AA4FD-38C9-4FD9-BD77-3084DE30F1C2}"
EndProject
Global
	GlobalSection(SolutionConfigurationPlatforms) = preSolution
		Debug|Any CPU = Debug|Any CPU
		Release|Any CPU = Release|Any CPU
	EndGlobalSection
	GlobalSection(ProjectConfigurationPlatforms) = postSolution
		{E6585784-6922-4BAD-A92F-3EE21E5BC33D}.Debug|Any CPU.ActiveCfg = Debug|Any CPU
		{E6585784-6922-4BAD-A92F-3EE21E5BC33D}.Debug|Any CPU.Build.0 = Debug|Any CPU
		{E6585784-6922-4BAD-A92F-3EE21E5BC33D}.Release|Any CPU.ActiveCfg = Release|Any CPU
		{E6585784-6922-4BAD-A92F-3EE21E5BC33D}.Release|Any CPU.Build.0 = Release|Any CPU
		{7DDAB902-AC26-4489-AD83-F6DB0081472E}.Debug|Any CPU.ActiveCfg = Debug|Any CPU
		{7DDAB902-AC26-4489-AD83-F6DB0081472E}.Debug|Any CPU.Build.0 = Debug|Any CPU
		{7DDAB902-AC26-4489-AD83-F6DB0081472E}.Release|Any CPU.ActiveCfg = Release|Any CPU
		{7DDAB902-AC26-4489-AD83-F6DB0081472E}.Release|Any CPU.Build.0 = Release|Any CPU
		{082B82C7-19F5-4D15-B93C-1F64B6830EEB}.Debug|Any CPU.ActiveCfg = Debug|Any CPU
		{082B82C7-19F5-4D15-B93C-1F64B6830EEB}.Debug|Any CPU.Build.0 = Debug|Any CPU
		{082B82C7-19F5-4D15-B93C-1F64B6830EEB}.Release|Any CPU.ActiveCfg = Release|Any CPU
		{082B82C7-19F5-4D15-B93C-1F64B6830EEB}.Release|Any CPU.Build.0 = Release|Any CPU
		{7EE0B9D7-1D28-4819-8861-95DADAEB30D0}.Debug|Any CPU.ActiveCfg = Debug|Any CPU
		{7EE0B9D7-1D28-4819-8861-95DADAEB30D0}.Debug|Any CPU.Build.0 = Debug|Any CPU
		{7EE0B9D7-1D28-4819-8861-95DADAEB30D0}.Release|Any CPU.ActiveCfg = Release|Any CPU
		{7EE0B9D7-1D28-4819-8861-95DADAEB30D0}.Release|Any CPU.Build.0 = Release|Any CPU
		{B10BB112-C5C2-4CC5-A55E-331A105E374B}.Debug|Any CPU.ActiveCfg = Debug|Any CPU
		{B10BB112-C5C2-4CC5-A55E-331A105E374B}.Debug|Any CPU.Build.0 = Debug|Any CPU
		{B10BB112-C5C2-4CC5-A55E-331A105E374B}.Release|Any CPU.ActiveCfg = Release|Any CPU
		{B10BB112-C5C2-4CC5-A55E-331A105E374B}.Release|Any CPU.Build.0 = Release|Any CPU
		{CDD90D40-9418-4188-8079-2328A6EEB395}.Debug|Any CPU.ActiveCfg = Debug|Any CPU
		{CDD90D40-9418-4188-8079-2328A6EEB395}.Debug|Any CPU.Build.0 = Debug|Any CPU
		{CDD90D40-9418-4188-8079-2328A6EEB395}.Release|Any CPU.ActiveCfg = Release|Any CPU
		{CDD90D40-9418-4188-8079-2328A6EEB395}.Release|Any CPU.Build.0 = Release|Any CPU
		{5B8E501C-34BA-4B25-8CD8-258CB197D63E}.Debug|Any CPU.ActiveCfg = Debug|Any CPU
		{5B8E501C-34BA-4B25-8CD8-258CB197D63E}.Debug|Any CPU.Build.0 = Debug|Any CPU
		{5B8E501C-34BA-4B25-8CD8-258CB197D63E}.Release|Any CPU.ActiveCfg = Release|Any CPU
		{5B8E501C-34BA-4B25-8CD8-258CB197D63E}.Release|Any CPU.Build.0 = Release|Any CPU
		{58B9ECB0-A894-40AF-9A2C-0ECFE3DA241A}.Debug|Any CPU.ActiveCfg = Debug|Any CPU
		{58B9ECB0-A894-40AF-9A2C-0ECFE3DA241A}.Debug|Any CPU.Build.0 = Debug|Any CPU
		{58B9ECB0-A894-40AF-9A2C-0ECFE3DA241A}.Release|Any CPU.ActiveCfg = Release|Any CPU
		{58B9ECB0-A894-40AF-9A2C-0ECFE3DA241A}.Release|Any CPU.Build.0 = Release|Any CPU
		{549AA4FD-38C9-4FD9-BD77-3084DE30F1C2}.Debug|Any CPU.ActiveCfg = Debug|Any CPU
		{549AA4FD-38C9-4FD9-BD77-3084DE30F1C2}.Debug|Any CPU.Build.0 = Debug|Any CPU
		{549AA4FD-38C9-4FD9-BD77-3084DE30F1C2}.Release|Any CPU.ActiveCfg = Release|Any CPU
		{549AA4FD-38C9-4FD9-BD77-3084DE30F1C2}.Release|Any CPU.Build.0 = Release|Any CPU
	EndGlobalSection
	GlobalSection(SolutionProperties) = preSolution
		HideSolutionNode = FALSE
	EndGlobalSection
	GlobalSection(ExtensibilityGlobals) = postSolution
		SolutionGuid = {4CD50074-DC22-4990-8135-BB104E5B6675}
	EndGlobalSection
EndGlobal
